{
  "version": 1,
  "dependencies": {
    "net8.0-windows7.0": {
      "DalamudPackager": {
        "type": "Direct",
        "requested": "[2.1.13, )",
        "resolved": "2.1.13",
        "contentHash": "rMN1omGe8536f4xLMvx9NwfvpAc9YFFfeXJ1t4P4PE6Gu8WCIoFliR1sh07hM+bfODmesk/dvMbji7vNI+B/pQ=="
      },
      "DebounceThrottle": {
        "type": "Direct",
        "requested": "[2.0.0, )",
        "resolved": "2.0.0",
        "contentHash": "tuMvwpKPawrIToz+XJvJh7zJVx1VnTOO/iMGSkw6JgT0JcZu7bJZM96CLO9JMAzECLgCOwsMHf/L+Sh0krt+0A=="
      },
      "WebSocketSharp.Standard": {
        "type": "Direct",
        "requested": "[1.0.3, )",
        "resolved": "1.0.3",
        "contentHash": "ITDck8Gv/1yv+aolSM/37YH6QBGksa9yNp3p91E1jZY2gI9IYs2WjiX22SW0Yt0Y8ovrPp/OiuQAqAZBYC7Y5Q=="
      }
    }
  }
}